// !$*UTF8*$!
{
	archiveVersion = 1;
	classes = {
	};
	objectVersion = 46;
	objects = {

/* Begin PBXBuildFile section */
		7640C6CE1B8CABFE0019D28D /* Specialist.swift in Sources */ = {isa = PBXBuildFile; fileRef = 7640C6CD1B8CABFE0019D28D /* Specialist.swift */; };
		7640C6D01B8CF1E30019D28D /* airSalompas.pdf in Resources */ = {isa = PBXBuildFile; fileRef = 7640C6CF1B8CF1E30019D28D /* airSalompas.pdf */; };
		76E08E3F1B8B62D70065FA1C /* DatabaseManager.swift in Sources */ = {isa = PBXBuildFile; fileRef = 76E08E3E1B8B62D70065FA1C /* DatabaseManager.swift */; };
		76E08E421B8B633B0065FA1C /* MyMedicine.xcdatamodeld in Sources */ = {isa = PBXBuildFile; fileRef = 76E08E401B8B633B0065FA1C /* MyMedicine.xcdatamodeld */; };
		76E08E491B8BFF0F0065FA1C /* Symptom.swift in Sources */ = {isa = PBXBuildFile; fileRef = 76E08E481B8BFF0F0065FA1C /* Symptom.swift */; };
		76E08E4D1B8C08690065FA1C /* SpecialistDAO.swift in Sources */ = {isa = PBXBuildFile; fileRef = 76E08E4C1B8C08690065FA1C /* SpecialistDAO.swift */; };
		76E08E4F1B8C08980065FA1C /* SymptomDAO.swift in Sources */ = {isa = PBXBuildFile; fileRef = 76E08E4E1B8C08980065FA1C /* SymptomDAO.swift */; };
		76E08E511B8C08B10065FA1C /* MedicineDAO.swift in Sources */ = {isa = PBXBuildFile; fileRef = 76E08E501B8C08B10065FA1C /* MedicineDAO.swift */; };
		76E08E531B8C112E0065FA1C /* SpecialistServices.swift in Sources */ = {isa = PBXBuildFile; fileRef = 76E08E521B8C112E0065FA1C /* SpecialistServices.swift */; };
		76E08E551B8C11720065FA1C /* SymptomServices.swift in Sources */ = {isa = PBXBuildFile; fileRef = 76E08E541B8C11720065FA1C /* SymptomServices.swift */; };
		76E08E571B8C118D0065FA1C /* MedicineServices.swift in Sources */ = {isa = PBXBuildFile; fileRef = 76E08E561B8C118D0065FA1C /* MedicineServices.swift */; };
		76E08E591B8C84200065FA1C /* SharedServices.swift in Sources */ = {isa = PBXBuildFile; fileRef = 76E08E581B8C84200065FA1C /* SharedServices.swift */; };
		76E08E5B1B8C8C080065FA1C /* Medicine.swift in Sources */ = {isa = PBXBuildFile; fileRef = 76E08E5A1B8C8C080065FA1C /* Medicine.swift */; };
		76E65C6A1B821A4300311F20 /* AppDelegate.swift in Sources */ = {isa = PBXBuildFile; fileRef = 76E65C691B821A4300311F20 /* AppDelegate.swift */; };
		76E65C6F1B821A4300311F20 /* Main.storyboard in Resources */ = {isa = PBXBuildFile; fileRef = 76E65C6D1B821A4300311F20 /* Main.storyboard */; };
		76E65C711B821A4300311F20 /* Images.xcassets in Resources */ = {isa = PBXBuildFile; fileRef = 76E65C701B821A4300311F20 /* Images.xcassets */; };
		76E65C741B821A4300311F20 /* LaunchScreen.xib in Resources */ = {isa = PBXBuildFile; fileRef = 76E65C721B821A4300311F20 /* LaunchScreen.xib */; };
		76E65C801B821A4300311F20 /* MyMedicineTests.swift in Sources */ = {isa = PBXBuildFile; fileRef = 76E65C7F1B821A4300311F20 /* MyMedicineTests.swift */; };
		779F1B871B8BFC2200E4763D /* SearchViewController.swift in Sources */ = {isa = PBXBuildFile; fileRef = 779F1B861B8BFC2200E4763D /* SearchViewController.swift */; };
		779F1B8D1B8BFD2E00E4763D /* ProfileViewController.swift in Sources */ = {isa = PBXBuildFile; fileRef = 779F1B8C1B8BFD2E00E4763D /* ProfileViewController.swift */; };
		779F1B8F1B8BFFA200E4763D /* CalendarViewController.swift in Sources */ = {isa = PBXBuildFile; fileRef = 779F1B8E1B8BFFA200E4763D /* CalendarViewController.swift */; };
		779F1B911B8BFFE100E4763D /* RegisterViewController.swift in Sources */ = {isa = PBXBuildFile; fileRef = 779F1B901B8BFFE100E4763D /* RegisterViewController.swift */; };
		779F1B931B8BFFF900E4763D /* HistoryViewController.swift in Sources */ = {isa = PBXBuildFile; fileRef = 779F1B921B8BFFF900E4763D /* HistoryViewController.swift */; };
		779F1B951B8C04A200E4763D /* ReminderViewController.swift in Sources */ = {isa = PBXBuildFile; fileRef = 779F1B941B8C04A200E4763D /* ReminderViewController.swift */; };
		85F3B26A1B8E008E00583284 /* ResultsTableCell.swift in Sources */ = {isa = PBXBuildFile; fileRef = 85F3B2691B8E008E00583284 /* ResultsTableCell.swift */; };
		85F3B2701B8F4AA300583284 /* DetailsViewController.swift in Sources */ = {isa = PBXBuildFile; fileRef = 85F3B26F1B8F4AA300583284 /* DetailsViewController.swift */; };
/* End PBXBuildFile section */

/* Begin PBXContainerItemProxy section */
		76E65C7A1B821A4300311F20 /* PBXContainerItemProxy */ = {
			isa = PBXContainerItemProxy;
			containerPortal = 76E65C5C1B821A4300311F20 /* Project object */;
			proxyType = 1;
			remoteGlobalIDString = 76E65C631B821A4300311F20;
			remoteInfo = MyMedicine;
		};
/* End PBXContainerItemProxy section */

/* Begin PBXFileReference section */
		7640C6CD1B8CABFE0019D28D /* Specialist.swift */ = {isa = PBXFileReference; fileEncoding = 4; lastKnownFileType = sourcecode.swift; name = Specialist.swift; path = Persistence/VO/Specialist.swift; sourceTree = "<group>"; };
		7640C6CF1B8CF1E30019D28D /* airSalompas.pdf */ = {isa = PBXFileReference; lastKnownFileType = image.pdf; path = airSalompas.pdf; sourceTree = "<group>"; };
		76E08E3E1B8B62D70065FA1C /* DatabaseManager.swift */ = {isa = PBXFileReference; fileEncoding = 4; lastKnownFileType = sourcecode.swift; name = DatabaseManager.swift; path = Persistence/DatabaseManager.swift; sourceTree = "<group>"; };
		76E08E411B8B633B0065FA1C /* MyMedicine.xcdatamodel */ = {isa = PBXFileReference; lastKnownFileType = wrapper.xcdatamodel; path = MyMedicine.xcdatamodel; sourceTree = "<group>"; };
		76E08E481B8BFF0F0065FA1C /* Symptom.swift */ = {isa = PBXFileReference; fileEncoding = 4; lastKnownFileType = sourcecode.swift; name = Symptom.swift; path = Persistence/VO/Symptom.swift; sourceTree = "<group>"; };
		76E08E4C1B8C08690065FA1C /* SpecialistDAO.swift */ = {isa = PBXFileReference; fileEncoding = 4; lastKnownFileType = sourcecode.swift; name = SpecialistDAO.swift; path = Persistence/DAO/SpecialistDAO.swift; sourceTree = "<group>"; };
		76E08E4E1B8C08980065FA1C /* SymptomDAO.swift */ = {isa = PBXFileReference; fileEncoding = 4; lastKnownFileType = sourcecode.swift; name = SymptomDAO.swift; path = Persistence/DAO/SymptomDAO.swift; sourceTree = "<group>"; };
		76E08E501B8C08B10065FA1C /* MedicineDAO.swift */ = {isa = PBXFileReference; fileEncoding = 4; lastKnownFileType = sourcecode.swift; name = MedicineDAO.swift; path = Persistence/DAO/MedicineDAO.swift; sourceTree = "<group>"; };
		76E08E521B8C112E0065FA1C /* SpecialistServices.swift */ = {isa = PBXFileReference; fileEncoding = 4; lastKnownFileType = sourcecode.swift; name = SpecialistServices.swift; path = Services/SpecialistServices.swift; sourceTree = "<group>"; };
		76E08E541B8C11720065FA1C /* SymptomServices.swift */ = {isa = PBXFileReference; fileEncoding = 4; lastKnownFileType = sourcecode.swift; name = SymptomServices.swift; path = Services/SymptomServices.swift; sourceTree = "<group>"; };
		76E08E561B8C118D0065FA1C /* MedicineServices.swift */ = {isa = PBXFileReference; fileEncoding = 4; lastKnownFileType = sourcecode.swift; name = MedicineServices.swift; path = Services/MedicineServices.swift; sourceTree = "<group>"; };
		76E08E581B8C84200065FA1C /* SharedServices.swift */ = {isa = PBXFileReference; fileEncoding = 4; lastKnownFileType = sourcecode.swift; name = SharedServices.swift; path = Services/SharedServices.swift; sourceTree = "<group>"; };
		76E08E5A1B8C8C080065FA1C /* Medicine.swift */ = {isa = PBXFileReference; fileEncoding = 4; lastKnownFileType = sourcecode.swift; name = Medicine.swift; path = Persistence/VO/Medicine.swift; sourceTree = "<group>"; };
		76E65C641B821A4300311F20 /* MyMedicine.app */ = {isa = PBXFileReference; explicitFileType = wrapper.application; includeInIndex = 0; path = MyMedicine.app; sourceTree = BUILT_PRODUCTS_DIR; };
		76E65C681B821A4300311F20 /* Info.plist */ = {isa = PBXFileReference; lastKnownFileType = text.plist.xml; path = Info.plist; sourceTree = "<group>"; };
		76E65C691B821A4300311F20 /* AppDelegate.swift */ = {isa = PBXFileReference; lastKnownFileType = sourcecode.swift; path = AppDelegate.swift; sourceTree = "<group>"; };
		76E65C6E1B821A4300311F20 /* Base */ = {isa = PBXFileReference; lastKnownFileType = file.storyboard; name = Base; path = Base.lproj/Main.storyboard; sourceTree = "<group>"; };
		76E65C701B821A4300311F20 /* Images.xcassets */ = {isa = PBXFileReference; lastKnownFileType = folder.assetcatalog; path = Images.xcassets; sourceTree = "<group>"; };
		76E65C731B821A4300311F20 /* Base */ = {isa = PBXFileReference; lastKnownFileType = file.xib; name = Base; path = Base.lproj/LaunchScreen.xib; sourceTree = "<group>"; };
		76E65C791B821A4300311F20 /* MyMedicineTests.xctest */ = {isa = PBXFileReference; explicitFileType = wrapper.cfbundle; includeInIndex = 0; path = MyMedicineTests.xctest; sourceTree = BUILT_PRODUCTS_DIR; };
		76E65C7E1B821A4300311F20 /* Info.plist */ = {isa = PBXFileReference; lastKnownFileType = text.plist.xml; path = Info.plist; sourceTree = "<group>"; };
		76E65C7F1B821A4300311F20 /* MyMedicineTests.swift */ = {isa = PBXFileReference; lastKnownFileType = sourcecode.swift; path = MyMedicineTests.swift; sourceTree = "<group>"; };
		779F1B861B8BFC2200E4763D /* SearchViewController.swift */ = {isa = PBXFileReference; fileEncoding = 4; lastKnownFileType = sourcecode.swift; path = SearchViewController.swift; sourceTree = "<group>"; };
		779F1B8C1B8BFD2E00E4763D /* ProfileViewController.swift */ = {isa = PBXFileReference; fileEncoding = 4; lastKnownFileType = sourcecode.swift; path = ProfileViewController.swift; sourceTree = "<group>"; };
		779F1B8E1B8BFFA200E4763D /* CalendarViewController.swift */ = {isa = PBXFileReference; fileEncoding = 4; lastKnownFileType = sourcecode.swift; path = CalendarViewController.swift; sourceTree = "<group>"; };
		779F1B901B8BFFE100E4763D /* RegisterViewController.swift */ = {isa = PBXFileReference; fileEncoding = 4; lastKnownFileType = sourcecode.swift; path = RegisterViewController.swift; sourceTree = "<group>"; };
		779F1B921B8BFFF900E4763D /* HistoryViewController.swift */ = {isa = PBXFileReference; fileEncoding = 4; lastKnownFileType = sourcecode.swift; path = HistoryViewController.swift; sourceTree = "<group>"; };
		779F1B941B8C04A200E4763D /* ReminderViewController.swift */ = {isa = PBXFileReference; fileEncoding = 4; lastKnownFileType = sourcecode.swift; path = ReminderViewController.swift; sourceTree = "<group>"; };
		85F3B2691B8E008E00583284 /* ResultsTableCell.swift */ = {isa = PBXFileReference; fileEncoding = 4; lastKnownFileType = sourcecode.swift; path = ResultsTableCell.swift; sourceTree = "<group>"; };
		85F3B26F1B8F4AA300583284 /* DetailsViewController.swift */ = {isa = PBXFileReference; fileEncoding = 4; lastKnownFileType = sourcecode.swift; path = DetailsViewController.swift; sourceTree = "<group>"; };
/* End PBXFileReference section */

/* Begin PBXFrameworksBuildPhase section */
		76E65C611B821A4300311F20 /* Frameworks */ = {
			isa = PBXFrameworksBuildPhase;
			buildActionMask = 2147483647;
			files = (
			);
			runOnlyForDeploymentPostprocessing = 0;
		};
		76E65C761B821A4300311F20 /* Frameworks */ = {
			isa = PBXFrameworksBuildPhase;
			buildActionMask = 2147483647;
			files = (
			);
			runOnlyForDeploymentPostprocessing = 0;
		};
/* End PBXFrameworksBuildPhase section */

/* Begin PBXGroup section */
		76E08E3D1B8B62A20065FA1C /* Persistence */ = {
			isa = PBXGroup;
			children = (
				76E08E441B8BEEE90065FA1C /* DAO */,
				76E08E431B8BEEE10065FA1C /* VO */,
				76E08E401B8B633B0065FA1C /* MyMedicine.xcdatamodeld */,
				76E08E3E1B8B62D70065FA1C /* DatabaseManager.swift */,
			);
			name = Persistence;
			sourceTree = "<group>";
		};
		76E08E431B8BEEE10065FA1C /* VO */ = {
			isa = PBXGroup;
			children = (
				7640C6CD1B8CABFE0019D28D /* Specialist.swift */,
				76E08E5A1B8C8C080065FA1C /* Medicine.swift */,
				76E08E481B8BFF0F0065FA1C /* Symptom.swift */,
			);
			name = VO;
			sourceTree = "<group>";
		};
		76E08E441B8BEEE90065FA1C /* DAO */ = {
			isa = PBXGroup;
			children = (
				76E08E4C1B8C08690065FA1C /* SpecialistDAO.swift */,
				76E08E4E1B8C08980065FA1C /* SymptomDAO.swift */,
				76E08E501B8C08B10065FA1C /* MedicineDAO.swift */,
			);
			name = DAO;
			sourceTree = "<group>";
		};
		76E08E451B8BEEF10065FA1C /* Services */ = {
			isa = PBXGroup;
			children = (
				76E08E521B8C112E0065FA1C /* SpecialistServices.swift */,
				76E08E541B8C11720065FA1C /* SymptomServices.swift */,
				76E08E561B8C118D0065FA1C /* MedicineServices.swift */,
				76E08E581B8C84200065FA1C /* SharedServices.swift */,
			);
			name = Services;
			sourceTree = "<group>";
		};
		76E65C5B1B821A4300311F20 = {
			isa = PBXGroup;
			children = (
				76E65C661B821A4300311F20 /* MyMedicine */,
				76E65C7C1B821A4300311F20 /* MyMedicineTests */,
				76E65C651B821A4300311F20 /* Products */,
			);
			sourceTree = "<group>";
		};
		76E65C651B821A4300311F20 /* Products */ = {
			isa = PBXGroup;
			children = (
				76E65C641B821A4300311F20 /* MyMedicine.app */,
				76E65C791B821A4300311F20 /* MyMedicineTests.xctest */,
			);
			name = Products;
			sourceTree = "<group>";
		};
		76E65C661B821A4300311F20 /* MyMedicine */ = {
			isa = PBXGroup;
			children = (
				779F1B831B8BF86100E4763D /* Model */,
				779F1B821B8BF85500E4763D /* View */,
				779F1B811B8BF80100E4763D /* Controller */,
				76E08E451B8BEEF10065FA1C /* Services */,
				76E08E3D1B8B62A20065FA1C /* Persistence */,
				76E65C691B821A4300311F20 /* AppDelegate.swift */,
				76E65C671B821A4300311F20 /* Supporting Files */,
			);
			path = MyMedicine;
			sourceTree = "<group>";
		};
		76E65C671B821A4300311F20 /* Supporting Files */ = {
			isa = PBXGroup;
			children = (
				7640C6CF1B8CF1E30019D28D /* airSalompas.pdf */,
				76E65C681B821A4300311F20 /* Info.plist */,
			);
			name = "Supporting Files";
			sourceTree = "<group>";
		};
		76E65C7C1B821A4300311F20 /* MyMedicineTests */ = {
			isa = PBXGroup;
			children = (
				76E65C7F1B821A4300311F20 /* MyMedicineTests.swift */,
				76E65C7D1B821A4300311F20 /* Supporting Files */,
			);
			path = MyMedicineTests;
			sourceTree = "<group>";
		};
		76E65C7D1B821A4300311F20 /* Supporting Files */ = {
			isa = PBXGroup;
			children = (
				76E65C7E1B821A4300311F20 /* Info.plist */,
			);
			name = "Supporting Files";
			sourceTree = "<group>";
		};
		779F1B811B8BF80100E4763D /* Controller */ = {
			isa = PBXGroup;
			children = (
				779F1B861B8BFC2200E4763D /* SearchViewController.swift */,
				779F1B8C1B8BFD2E00E4763D /* ProfileViewController.swift */,
				779F1B8E1B8BFFA200E4763D /* CalendarViewController.swift */,
				779F1B901B8BFFE100E4763D /* RegisterViewController.swift */,
				779F1B921B8BFFF900E4763D /* HistoryViewController.swift */,
				779F1B941B8C04A200E4763D /* ReminderViewController.swift */,
				85F3B26F1B8F4AA300583284 /* DetailsViewController.swift */,
			);
			name = Controller;
			sourceTree = "<group>";
		};
		779F1B821B8BF85500E4763D /* View */ = {
			isa = PBXGroup;
			children = (
				76E65C6D1B821A4300311F20 /* Main.storyboard */,
				76E65C701B821A4300311F20 /* Images.xcassets */,
				76E65C721B821A4300311F20 /* LaunchScreen.xib */,
			);
			name = View;
			sourceTree = "<group>";
		};
		779F1B831B8BF86100E4763D /* Model */ = {
			isa = PBXGroup;
			children = (
				85F3B2691B8E008E00583284 /* ResultsTableCell.swift */,
			);
			name = Model;
			sourceTree = "<group>";
		};
/* End PBXGroup section */

/* Begin PBXNativeTarget section */
		76E65C631B821A4300311F20 /* MyMedicine */ = {
			isa = PBXNativeTarget;
			buildConfigurationList = 76E65C831B821A4300311F20 /* Build configuration list for PBXNativeTarget "MyMedicine" */;
			buildPhases = (
				76E65C601B821A4300311F20 /* Sources */,
				76E65C611B821A4300311F20 /* Frameworks */,
				76E65C621B821A4300311F20 /* Resources */,
			);
			buildRules = (
			);
			dependencies = (
			);
			name = MyMedicine;
			productName = MyMedicine;
			productReference = 76E65C641B821A4300311F20 /* MyMedicine.app */;
			productType = "com.apple.product-type.application";
		};
		76E65C781B821A4300311F20 /* MyMedicineTests */ = {
			isa = PBXNativeTarget;
			buildConfigurationList = 76E65C861B821A4300311F20 /* Build configuration list for PBXNativeTarget "MyMedicineTests" */;
			buildPhases = (
				76E65C751B821A4300311F20 /* Sources */,
				76E65C761B821A4300311F20 /* Frameworks */,
				76E65C771B821A4300311F20 /* Resources */,
			);
			buildRules = (
			);
			dependencies = (
				76E65C7B1B821A4300311F20 /* PBXTargetDependency */,
			);
			name = MyMedicineTests;
			productName = MyMedicineTests;
			productReference = 76E65C791B821A4300311F20 /* MyMedicineTests.xctest */;
			productType = "com.apple.product-type.bundle.unit-test";
		};
/* End PBXNativeTarget section */

/* Begin PBXProject section */
		76E65C5C1B821A4300311F20 /* Project object */ = {
			isa = PBXProject;
			attributes = {
				LastUpgradeCheck = 0640;
				ORGANIZATIONNAME = MedCare;
				TargetAttributes = {
					76E65C631B821A4300311F20 = {
						CreatedOnToolsVersion = 6.4;
					};
					76E65C781B821A4300311F20 = {
						CreatedOnToolsVersion = 6.4;
						TestTargetID = 76E65C631B821A4300311F20;
					};
				};
			};
			buildConfigurationList = 76E65C5F1B821A4300311F20 /* Build configuration list for PBXProject "MyMedicine" */;
			compatibilityVersion = "Xcode 3.2";
			developmentRegion = English;
			hasScannedForEncodings = 0;
			knownRegions = (
				en,
				Base,
			);
			mainGroup = 76E65C5B1B821A4300311F20;
			productRefGroup = 76E65C651B821A4300311F20 /* Products */;
			projectDirPath = "";
			projectRoot = "";
			targets = (
				76E65C631B821A4300311F20 /* MyMedicine */,
				76E65C781B821A4300311F20 /* MyMedicineTests */,
			);
		};
/* End PBXProject section */

/* Begin PBXResourcesBuildPhase section */
		76E65C621B821A4300311F20 /* Resources */ = {
			isa = PBXResourcesBuildPhase;
			buildActionMask = 2147483647;
			files = (
				76E65C6F1B821A4300311F20 /* Main.storyboard in Resources */,
				76E65C741B821A4300311F20 /* LaunchScreen.xib in Resources */,
				76E65C711B821A4300311F20 /* Images.xcassets in Resources */,
				7640C6D01B8CF1E30019D28D /* airSalompas.pdf in Resources */,
			);
			runOnlyForDeploymentPostprocessing = 0;
		};
		76E65C771B821A4300311F20 /* Resources */ = {
			isa = PBXResourcesBuildPhase;
			buildActionMask = 2147483647;
			files = (
			);
			runOnlyForDeploymentPostprocessing = 0;
		};
/* End PBXResourcesBuildPhase section */

/* Begin PBXSourcesBuildPhase section */
		76E65C601B821A4300311F20 /* Sources */ = {
			isa = PBXSourcesBuildPhase;
			buildActionMask = 2147483647;
			files = (
				779F1B8F1B8BFFA200E4763D /* CalendarViewController.swift in Sources */,
				779F1B911B8BFFE100E4763D /* RegisterViewController.swift in Sources */,
				779F1B951B8C04A200E4763D /* ReminderViewController.swift in Sources */,
				779F1B871B8BFC2200E4763D /* SearchViewController.swift in Sources */,
				779F1B931B8BFFF900E4763D /* HistoryViewController.swift in Sources */,
				779F1B8D1B8BFD2E00E4763D /* ProfileViewController.swift in Sources */,
				76E08E551B8C11720065FA1C /* SymptomServices.swift in Sources */,
				76E08E491B8BFF0F0065FA1C /* Symptom.swift in Sources */,
				76E65C6A1B821A4300311F20 /* AppDelegate.swift in Sources */,
				7640C6CE1B8CABFE0019D28D /* Specialist.swift in Sources */,
				76E08E4D1B8C08690065FA1C /* SpecialistDAO.swift in Sources */,
				85F3B2701B8F4AA300583284 /* DetailsViewController.swift in Sources */,
				85F3B26A1B8E008E00583284 /* ResultsTableCell.swift in Sources */,
				76E08E4F1B8C08980065FA1C /* SymptomDAO.swift in Sources */,
				76E08E511B8C08B10065FA1C /* MedicineDAO.swift in Sources */,
				76E08E5B1B8C8C080065FA1C /* Medicine.swift in Sources */,
				76E08E591B8C84200065FA1C /* SharedServices.swift in Sources */,
				76E08E3F1B8B62D70065FA1C /* DatabaseManager.swift in Sources */,
				76E08E571B8C118D0065FA1C /* MedicineServices.swift in Sources */,
				76E08E531B8C112E0065FA1C /* SpecialistServices.swift in Sources */,
				76E08E421B8B633B0065FA1C /* MyMedicine.xcdatamodeld in Sources */,
			);
			runOnlyForDeploymentPostprocessing = 0;
		};
		76E65C751B821A4300311F20 /* Sources */ = {
			isa = PBXSourcesBuildPhase;
			buildActionMask = 2147483647;
			files = (
				76E65C801B821A4300311F20 /* MyMedicineTests.swift in Sources */,
			);
			runOnlyForDeploymentPostprocessing = 0;
		};
/* End PBXSourcesBuildPhase section */

/* Begin PBXTargetDependency section */
		76E65C7B1B821A4300311F20 /* PBXTargetDependency */ = {
			isa = PBXTargetDependency;
			target = 76E65C631B821A4300311F20 /* MyMedicine */;
			targetProxy = 76E65C7A1B821A4300311F20 /* PBXContainerItemProxy */;
		};
/* End PBXTargetDependency section */

/* Begin PBXVariantGroup section */
		76E65C6D1B821A4300311F20 /* Main.storyboard */ = {
			isa = PBXVariantGroup;
			children = (
				76E65C6E1B821A4300311F20 /* Base */,
			);
			name = Main.storyboard;
			sourceTree = "<group>";
		};
		76E65C721B821A4300311F20 /* LaunchScreen.xib */ = {
			isa = PBXVariantGroup;
			children = (
				76E65C731B821A4300311F20 /* Base */,
			);
			name = LaunchScreen.xib;
			sourceTree = "<group>";
		};
/* End PBXVariantGroup section */

/* Begin XCBuildConfiguration section */
		76E65C811B821A4300311F20 /* Debug */ = {
			isa = XCBuildConfiguration;
			buildSettings = {
				ALWAYS_SEARCH_USER_PATHS = NO;
				CLANG_CXX_LANGUAGE_STANDARD = "gnu++0x";
				CLANG_CXX_LIBRARY = "libc++";
				CLANG_ENABLE_MODULES = YES;
				CLANG_ENABLE_OBJC_ARC = YES;
				CLANG_WARN_BOOL_CONVERSION = YES;
				CLANG_WARN_CONSTANT_CONVERSION = YES;
				CLANG_WARN_DIRECT_OBJC_ISA_USAGE = YES_ERROR;
				CLANG_WARN_EMPTY_BODY = YES;
				CLANG_WARN_ENUM_CONVERSION = YES;
				CLANG_WARN_INT_CONVERSION = YES;
				CLANG_WARN_OBJC_ROOT_CLASS = YES_ERROR;
				CLANG_WARN_UNREACHABLE_CODE = YES;
				CLANG_WARN__DUPLICATE_METHOD_MATCH = YES;
				"CODE_SIGN_IDENTITY[sdk=iphoneos*]" = "iPhone Developer";
				COPY_PHASE_STRIP = NO;
				DEBUG_INFORMATION_FORMAT = "dwarf-with-dsym";
				ENABLE_STRICT_OBJC_MSGSEND = YES;
				GCC_C_LANGUAGE_STANDARD = gnu99;
				GCC_DYNAMIC_NO_PIC = NO;
				GCC_NO_COMMON_BLOCKS = YES;
				GCC_OPTIMIZATION_LEVEL = 0;
				GCC_PREPROCESSOR_DEFINITIONS = (
					"DEBUG=1",
					"$(inherited)",
				);
				GCC_SYMBOLS_PRIVATE_EXTERN = NO;
				GCC_WARN_64_TO_32_BIT_CONVERSION = YES;
				GCC_WARN_ABOUT_RETURN_TYPE = YES_ERROR;
				GCC_WARN_UNDECLARED_SELECTOR = YES;
				GCC_WARN_UNINITIALIZED_AUTOS = YES_AGGRESSIVE;
				GCC_WARN_UNUSED_FUNCTION = YES;
				GCC_WARN_UNUSED_VARIABLE = YES;
				IPHONEOS_DEPLOYMENT_TARGET = 8.4;
				MTL_ENABLE_DEBUG_INFO = YES;
				ONLY_ACTIVE_ARCH = YES;
				SDKROOT = iphoneos;
				SWIFT_OPTIMIZATION_LEVEL = "-Onone";
			};
			name = Debug;
		};
		76E65C821B821A4300311F20 /* Release */ = {
			isa = XCBuildConfiguration;
			buildSettings = {
				ALWAYS_SEARCH_USER_PATHS = NO;
				CLANG_CXX_LANGUAGE_STANDARD = "gnu++0x";
				CLANG_CXX_LIBRARY = "libc++";
				CLANG_ENABLE_MODULES = YES;
				CLANG_ENABLE_OBJC_ARC = YES;
				CLANG_WARN_BOOL_CONVERSION = YES;
				CLANG_WARN_CONSTANT_CONVERSION = YES;
				CLANG_WARN_DIRECT_OBJC_ISA_USAGE = YES_ERROR;
				CLANG_WARN_EMPTY_BODY = YES;
				CLANG_WARN_ENUM_CONVERSION = YES;
				CLANG_WARN_INT_CONVERSION = YES;
				CLANG_WARN_OBJC_ROOT_CLASS = YES_ERROR;
				CLANG_WARN_UNREACHABLE_CODE = YES;
				CLANG_WARN__DUPLICATE_METHOD_MATCH = YES;
				"CODE_SIGN_IDENTITY[sdk=iphoneos*]" = "iPhone Developer";
				COPY_PHASE_STRIP = NO;
				DEBUG_INFORMATION_FORMAT = "dwarf-with-dsym";
				ENABLE_NS_ASSERTIONS = NO;
				ENABLE_STRICT_OBJC_MSGSEND = YES;
				GCC_C_LANGUAGE_STANDARD = gnu99;
				GCC_NO_COMMON_BLOCKS = YES;
				GCC_WARN_64_TO_32_BIT_CONVERSION = YES;
				GCC_WARN_ABOUT_RETURN_TYPE = YES_ERROR;
				GCC_WARN_UNDECLARED_SELECTOR = YES;
				GCC_WARN_UNINITIALIZED_AUTOS = YES_AGGRESSIVE;
				GCC_WARN_UNUSED_FUNCTION = YES;
				GCC_WARN_UNUSED_VARIABLE = YES;
				IPHONEOS_DEPLOYMENT_TARGET = 8.4;
				MTL_ENABLE_DEBUG_INFO = NO;
				SDKROOT = iphoneos;
				VALIDATE_PRODUCT = YES;
			};
			name = Release;
		};
		76E65C841B821A4300311F20 /* Debug */ = {
			isa = XCBuildConfiguration;
			buildSettings = {
				ASSETCATALOG_COMPILER_APPICON_NAME = AppIcon;
				INFOPLIST_FILE = MyMedicine/Info.plist;
				LD_RUNPATH_SEARCH_PATHS = "$(inherited) @executable_path/Frameworks";
				PRODUCT_NAME = "$(TARGET_NAME)";
				TARGETED_DEVICE_FAMILY = "1,2";
			};
			name = Debug;
		};
		76E65C851B821A4300311F20 /* Release */ = {
			isa = XCBuildConfiguration;
			buildSettings = {
				ASSETCATALOG_COMPILER_APPICON_NAME = AppIcon;
				INFOPLIST_FILE = MyMedicine/Info.plist;
				LD_RUNPATH_SEARCH_PATHS = "$(inherited) @executable_path/Frameworks";
				PRODUCT_NAME = "$(TARGET_NAME)";
				TARGETED_DEVICE_FAMILY = "1,2";
			};
			name = Release;
		};
		76E65C871B821A4300311F20 /* Debug */ = {
			isa = XCBuildConfiguration;
			buildSettings = {
				BUNDLE_LOADER = "$(TEST_HOST)";
				FRAMEWORK_SEARCH_PATHS = (
					"$(SDKROOT)/Developer/Library/Frameworks",
					"$(inherited)",
				);
				GCC_PREPROCESSOR_DEFINITIONS = (
					"DEBUG=1",
					"$(inherited)",
				);
				INFOPLIST_FILE = MyMedicineTests/Info.plist;
				LD_RUNPATH_SEARCH_PATHS = "$(inherited) @executable_path/Frameworks @loader_path/Frameworks";
				PRODUCT_NAME = "$(TARGET_NAME)";
				TEST_HOST = "$(BUILT_PRODUCTS_DIR)/MyMedicine.app/MyMedicine";
			};
			name = Debug;
		};
		76E65C881B821A4300311F20 /* Release */ = {
			isa = XCBuildConfiguration;
			buildSettings = {
				BUNDLE_LOADER = "$(TEST_HOST)";
				FRAMEWORK_SEARCH_PATHS = (
					"$(SDKROOT)/Developer/Library/Frameworks",
					"$(inherited)",
				);
				INFOPLIST_FILE = MyMedicineTests/Info.plist;
				LD_RUNPATH_SEARCH_PATHS = "$(inherited) @executable_path/Frameworks @loader_path/Frameworks";
				PRODUCT_NAME = "$(TARGET_NAME)";
				TEST_HOST = "$(BUILT_PRODUCTS_DIR)/MyMedicine.app/MyMedicine";
			};
			name = Release;
		};
/* End XCBuildConfiguration section */

/* Begin XCConfigurationList section */
		76E65C5F1B821A4300311F20 /* Build configuration list for PBXProject "MyMedicine" */ = {
			isa = XCConfigurationList;
			buildConfigurations = (
				76E65C811B821A4300311F20 /* Debug */,
				76E65C821B821A4300311F20 /* Release */,
			);
			defaultConfigurationIsVisible = 0;
			defaultConfigurationName = Release;
		};
		76E65C831B821A4300311F20 /* Build configuration list for PBXNativeTarget "MyMedicine" */ = {
			isa = XCConfigurationList;
			buildConfigurations = (
				76E65C841B821A4300311F20 /* Debug */,
				76E65C851B821A4300311F20 /* Release */,
			);
			defaultConfigurationIsVisible = 0;
			defaultConfigurationName = Release;
		};
		76E65C861B821A4300311F20 /* Build configuration list for PBXNativeTarget "MyMedicineTests" */ = {
			isa = XCConfigurationList;
			buildConfigurations = (
				76E65C871B821A4300311F20 /* Debug */,
				76E65C881B821A4300311F20 /* Release */,
			);
			defaultConfigurationIsVisible = 0;
			defaultConfigurationName = Release;
		};
/* End XCConfigurationList section */

/* Begin XCVersionGroup section */
		76E08E401B8B633B0065FA1C /* MyMedicine.xcdatamodeld */ = {
			isa = XCVersionGroup;
			children = (
				76E08E411B8B633B0065FA1C /* MyMedicine.xcdatamodel */,
			);
			currentVersion = 76E08E411B8B633B0065FA1C /* MyMedicine.xcdatamodel */;
			name = MyMedicine.xcdatamodeld;
			path = Persistence/MyMedicine.xcdatamodeld;
			sourceTree = "<group>";
			versionGroupType = wrapper.xcdatamodel;
		};
/* End XCVersionGroup section */
	};
	rootObject = 76E65C5C1B821A4300311F20 /* Project object */;
}
